
Microsoft Visual Studio Solution File, Format Version 12.00
# Visual Studio Version 16
VisualStudioVersion = 16.0.30011.22
MinimumVisualStudioVersion = 10.0.40219.1
Project("{FAE04EC0-301F-11D3-BF4B-00C04F79EFBC}") = "BarcodeParserGS1", "BarcodeParserGS1\BarcodeParserGS1.csproj", "{37137A3A-07A8-4EC8-B741-F961997599BF}"
EndProject
Global
	GlobalSection(SolutionConfigurationPlatforms) = preSolution
		Debug|Any CPU = Debug|Any CPU
		Release|Any CPU = Release|Any CPU
	EndGlobalSection
	GlobalSection(ProjectConfigurationPlatforms) = postSolution
		{37137A3A-07A8-4EC8-B741-F961997599BF}.Debug|Any CPU.ActiveCfg = Debug|Any CPU
		{37137A3A-07A8-4EC8-B741-F961997599BF}.Debug|Any CPU.Build.0 = Debug|Any CPU
		{37137A3A-07A8-4EC8-B741-F961997599BF}.Release|Any CPU.ActiveCfg = Release|Any CPU
		{37137A3A-07A8-4EC8-B741-F961997599BF}.Release|Any CPU.Build.0 = Release|Any CPU
	EndGlobalSection
	GlobalSection(SolutionProperties) = preSolution
		HideSolutionNode = FALSE
	EndGlobalSection
	GlobalSection(ExtensibilityGlobals) = postSolution
		SolutionGuid = {7508E2E6-F03F-42E6-B7AE-85A838406FF9}
	EndGlobalSection
EndGlobal
